// !$*UTF8*$!
{
	archiveVersion = 1;
	classes = {
	};
	objectVersion = 56;
	objects = {

/* Begin PBXBuildFile section */
		3E7F5EB32BA87E0C0018BCEF /* AppDelegate.swift in Sources */ = {isa = PBXBuildFile; fileRef = 3E7F5EB22BA87E0C0018BCEF /* AppDelegate.swift */; };
		3E7F5EB52BA87E0C0018BCEF /* SceneDelegate.swift in Sources */ = {isa = PBXBuildFile; fileRef = 3E7F5EB42BA87E0C0018BCEF /* SceneDelegate.swift */; };
		3E7F5EB72BA87E0C0018BCEF /* ViewController.swift in Sources */ = {isa = PBXBuildFile; fileRef = 3E7F5EB62BA87E0C0018BCEF /* ViewController.swift */; };
		3E7F5EBA2BA87E0C0018BCEF /* Base in Resources */ = {isa = PBXBuildFile; fileRef = 3E7F5EB92BA87E0C0018BCEF /* Base */; };
		3E7F5EBC2BA87E0E0018BCEF /* Assets.xcassets in Resources */ = {isa = PBXBuildFile; fileRef = 3E7F5EBB2BA87E0E0018BCEF /* Assets.xcassets */; };
		3E7F5EBF2BA87E0E0018BCEF /* Base in Resources */ = {isa = PBXBuildFile; fileRef = 3E7F5EBE2BA87E0E0018BCEF /* Base */; };
		3E7F5EC92BA8BAAC0018BCEF /* AuthViewController.swift in Sources */ = {isa = PBXBuildFile; fileRef = 3E7F5EC82BA8BAAC0018BCEF /* AuthViewController.swift */; };
		3E7F5ECB2BAA14C00018BCEF /* TabBarController.swift in Sources */ = {isa = PBXBuildFile; fileRef = 3E7F5ECA2BAA14C00018BCEF /* TabBarController.swift */; };
		3E7F5ECD2BAA16120018BCEF /* ProfileViewController.swift in Sources */ = {isa = PBXBuildFile; fileRef = 3E7F5ECC2BAA16120018BCEF /* ProfileViewController.swift */; };
		3E7F5ECF2BAA16AF0018BCEF /* TaskViewController.swift in Sources */ = {isa = PBXBuildFile; fileRef = 3E7F5ECE2BAA16AF0018BCEF /* TaskViewController.swift */; };
		3E7F5ED12BAA17BD0018BCEF /* SplashScreenViewController.swift in Sources */ = {isa = PBXBuildFile; fileRef = 3E7F5ED02BAA17BD0018BCEF /* SplashScreenViewController.swift */; };
		3E7F5ED32BAA24170018BCEF /* Extensions.swift in Sources */ = {isa = PBXBuildFile; fileRef = 3E7F5ED22BAA24170018BCEF /* Extensions.swift */; };
		3E7F5ED52BAA48F10018BCEF /* PreviousTestsLIst.swift in Sources */ = {isa = PBXBuildFile; fileRef = 3E7F5ED42BAA48F10018BCEF /* PreviousTestsLIst.swift */; };
		3E7F5EDA2BB1731C0018BCEF /* MarkOrCorrectTextViewController.swift in Sources */ = {isa = PBXBuildFile; fileRef = 3E7F5ED92BB1731C0018BCEF /* MarkOrCorrectTextViewController.swift */; };
		3E97BFA72BD54A7D00CF3A7F /* BlockUIView.swift in Sources */ = {isa = PBXBuildFile; fileRef = 3E97BFA62BD54A7D00CF3A7F /* BlockUIView.swift */; };
		3E97BFA92BD54DD600CF3A7F /* HeaderView.swift in Sources */ = {isa = PBXBuildFile; fileRef = 3E97BFA82BD54DD600CF3A7F /* HeaderView.swift */; };
		3E97BFAB2BD5788800CF3A7F /* extensions.swift in Sources */ = {isa = PBXBuildFile; fileRef = 3E97BFAA2BD5788800CF3A7F /* extensions.swift */; };
		3ED7504A2BD7F74000430F7B /* HintView.swift in Sources */ = {isa = PBXBuildFile; fileRef = 3ED750492BD7F74000430F7B /* HintView.swift */; };
		3ED7504C2BD84ED200430F7B /* FillGapsViewController.swift in Sources */ = {isa = PBXBuildFile; fileRef = 3ED7504B2BD84ED200430F7B /* FillGapsViewController.swift */; };
		3ED7504E2BD858E100430F7B /* LiqueurScaleViewController.swift in Sources */ = {isa = PBXBuildFile; fileRef = 3ED7504D2BD858E100430F7B /* LiqueurScaleViewController.swift */; };
		3ED750502BD864D900430F7B /* LiqueurCell.swift in Sources */ = {isa = PBXBuildFile; fileRef = 3ED7504F2BD864D900430F7B /* LiqueurCell.swift */; };
		3ED750522BD885A500430F7B /* File.swift in Sources */ = {isa = PBXBuildFile; fileRef = 3ED750512BD885A500430F7B /* File.swift */; };
/* End PBXBuildFile section */

/* Begin PBXFileReference section */
		3E7F5EAF2BA87E0C0018BCEF /* uir.app */ = {isa = PBXFileReference; explicitFileType = wrapper.application; includeInIndex = 0; path = uir.app; sourceTree = BUILT_PRODUCTS_DIR; };
		3E7F5EB22BA87E0C0018BCEF /* AppDelegate.swift */ = {isa = PBXFileReference; lastKnownFileType = sourcecode.swift; path = AppDelegate.swift; sourceTree = "<group>"; };
		3E7F5EB42BA87E0C0018BCEF /* SceneDelegate.swift */ = {isa = PBXFileReference; lastKnownFileType = sourcecode.swift; path = SceneDelegate.swift; sourceTree = "<group>"; };
		3E7F5EB62BA87E0C0018BCEF /* ViewController.swift */ = {isa = PBXFileReference; lastKnownFileType = sourcecode.swift; path = ViewController.swift; sourceTree = "<group>"; };
		3E7F5EB92BA87E0C0018BCEF /* Base */ = {isa = PBXFileReference; lastKnownFileType = file.storyboard; name = Base; path = Base.lproj/Main.storyboard; sourceTree = "<group>"; };
		3E7F5EBB2BA87E0E0018BCEF /* Assets.xcassets */ = {isa = PBXFileReference; lastKnownFileType = folder.assetcatalog; path = Assets.xcassets; sourceTree = "<group>"; };
		3E7F5EBE2BA87E0E0018BCEF /* Base */ = {isa = PBXFileReference; lastKnownFileType = file.storyboard; name = Base; path = Base.lproj/LaunchScreen.storyboard; sourceTree = "<group>"; };
		3E7F5EC02BA87E0E0018BCEF /* Info.plist */ = {isa = PBXFileReference; lastKnownFileType = text.plist.xml; path = Info.plist; sourceTree = "<group>"; };
		3E7F5EC82BA8BAAC0018BCEF /* AuthViewController.swift */ = {isa = PBXFileReference; lastKnownFileType = sourcecode.swift; path = AuthViewController.swift; sourceTree = "<group>"; };
		3E7F5ECA2BAA14C00018BCEF /* TabBarController.swift */ = {isa = PBXFileReference; lastKnownFileType = sourcecode.swift; path = TabBarController.swift; sourceTree = "<group>"; };
		3E7F5ECC2BAA16120018BCEF /* ProfileViewController.swift */ = {isa = PBXFileReference; lastKnownFileType = sourcecode.swift; path = ProfileViewController.swift; sourceTree = "<group>"; };
		3E7F5ECE2BAA16AF0018BCEF /* TaskViewController.swift */ = {isa = PBXFileReference; lastKnownFileType = sourcecode.swift; path = TaskViewController.swift; sourceTree = "<group>"; };
		3E7F5ED02BAA17BD0018BCEF /* SplashScreenViewController.swift */ = {isa = PBXFileReference; lastKnownFileType = sourcecode.swift; path = SplashScreenViewController.swift; sourceTree = "<group>"; };
		3E7F5ED22BAA24170018BCEF /* Extensions.swift */ = {isa = PBXFileReference; lastKnownFileType = sourcecode.swift; path = Extensions.swift; sourceTree = "<group>"; };
		3E7F5ED42BAA48F10018BCEF /* PreviousTestsLIst.swift */ = {isa = PBXFileReference; lastKnownFileType = sourcecode.swift; path = PreviousTestsLIst.swift; sourceTree = "<group>"; };
		3E7F5ED92BB1731C0018BCEF /* MarkOrCorrectTextViewController.swift */ = {isa = PBXFileReference; lastKnownFileType = sourcecode.swift; path = MarkOrCorrectTextViewController.swift; sourceTree = "<group>"; };
		3E97BFA62BD54A7D00CF3A7F /* BlockUIView.swift */ = {isa = PBXFileReference; lastKnownFileType = sourcecode.swift; path = BlockUIView.swift; sourceTree = "<group>"; };
		3E97BFA82BD54DD600CF3A7F /* HeaderView.swift */ = {isa = PBXFileReference; lastKnownFileType = sourcecode.swift; path = HeaderView.swift; sourceTree = "<group>"; };
		3E97BFAA2BD5788800CF3A7F /* extensions.swift */ = {isa = PBXFileReference; lastKnownFileType = sourcecode.swift; name = extensions.swift; path = ../extensions.swift; sourceTree = "<group>"; };
		3ED750492BD7F74000430F7B /* HintView.swift */ = {isa = PBXFileReference; lastKnownFileType = sourcecode.swift; path = HintView.swift; sourceTree = "<group>"; };
		3ED7504B2BD84ED200430F7B /* FillGapsViewController.swift */ = {isa = PBXFileReference; lastKnownFileType = sourcecode.swift; path = FillGapsViewController.swift; sourceTree = "<group>"; };
		3ED7504D2BD858E100430F7B /* LiqueurScaleViewController.swift */ = {isa = PBXFileReference; lastKnownFileType = sourcecode.swift; path = LiqueurScaleViewController.swift; sourceTree = "<group>"; };
		3ED7504F2BD864D900430F7B /* LiqueurCell.swift */ = {isa = PBXFileReference; lastKnownFileType = sourcecode.swift; path = LiqueurCell.swift; sourceTree = "<group>"; };
		3ED750512BD885A500430F7B /* File.swift */ = {isa = PBXFileReference; lastKnownFileType = sourcecode.swift; path = File.swift; sourceTree = "<group>"; };
/* End PBXFileReference section */

/* Begin PBXFrameworksBuildPhase section */
		3E7F5EAC2BA87E0C0018BCEF /* Frameworks */ = {
			isa = PBXFrameworksBuildPhase;
			buildActionMask = 2147483647;
			files = (
			);
			runOnlyForDeploymentPostprocessing = 0;
		};
/* End PBXFrameworksBuildPhase section */

/* Begin PBXGroup section */
		3E7F5EA62BA87E0C0018BCEF = {
			isa = PBXGroup;
			children = (
				3E7F5EB12BA87E0C0018BCEF /* uir */,
				3E7F5EB02BA87E0C0018BCEF /* Products */,
			);
			sourceTree = "<group>";
		};
		3E7F5EB02BA87E0C0018BCEF /* Products */ = {
			isa = PBXGroup;
			children = (
				3E7F5EAF2BA87E0C0018BCEF /* uir.app */,
			);
			name = Products;
			sourceTree = "<group>";
		};
		3E7F5EB12BA87E0C0018BCEF /* uir */ = {
			isa = PBXGroup;
			children = (
				3ED750512BD885A500430F7B /* File.swift */,
				3ED750492BD7F74000430F7B /* HintView.swift */,
				3E97BFAA2BD5788800CF3A7F /* extensions.swift */,
				3E97BFA62BD54A7D00CF3A7F /* BlockUIView.swift */,
				3E7F5ED82BB173000018BCEF /* Tasks */,
				3E7F5ECE2BAA16AF0018BCEF /* TaskViewController.swift */,
				3E7F5ED02BAA17BD0018BCEF /* SplashScreenViewController.swift */,
				3E7F5ED22BAA24170018BCEF /* Extensions.swift */,
				3E7F5EC72BA8BA6F0018BCEF /* Auth */,
				3E7F5EB22BA87E0C0018BCEF /* AppDelegate.swift */,
				3E7F5EB42BA87E0C0018BCEF /* SceneDelegate.swift */,
				3E7F5EB62BA87E0C0018BCEF /* ViewController.swift */,
				3E7F5EB82BA87E0C0018BCEF /* Main.storyboard */,
				3E7F5EBB2BA87E0E0018BCEF /* Assets.xcassets */,
				3E7F5EBD2BA87E0E0018BCEF /* LaunchScreen.storyboard */,
				3E7F5EC02BA87E0E0018BCEF /* Info.plist */,
				3E7F5ECA2BAA14C00018BCEF /* TabBarController.swift */,
				3E7F5ECC2BAA16120018BCEF /* ProfileViewController.swift */,
				3E7F5ED42BAA48F10018BCEF /* PreviousTestsLIst.swift */,
				3E97BFA82BD54DD600CF3A7F /* HeaderView.swift */,
				3ED7504B2BD84ED200430F7B /* FillGapsViewController.swift */,
				3ED7504D2BD858E100430F7B /* LiqueurScaleViewController.swift */,
				3ED7504F2BD864D900430F7B /* LiqueurCell.swift */,
			);
			path = uir;
			sourceTree = "<group>";
		};
		3E7F5EC72BA8BA6F0018BCEF /* Auth */ = {
			isa = PBXGroup;
			children = (
				3E7F5EC82BA8BAAC0018BCEF /* AuthViewController.swift */,
			);
			path = Auth;
			sourceTree = "<group>";
		};
		3E7F5ED82BB173000018BCEF /* Tasks */ = {
			isa = PBXGroup;
			children = (
				3E7F5ED92BB1731C0018BCEF /* MarkOrCorrectTextViewController.swift */,
			);
			path = Tasks;
			sourceTree = "<group>";
		};
/* End PBXGroup section */

/* Begin PBXNativeTarget section */
		3E7F5EAE2BA87E0C0018BCEF /* uir */ = {
			isa = PBXNativeTarget;
			buildConfigurationList = 3E7F5EC32BA87E0E0018BCEF /* Build configuration list for PBXNativeTarget "uir" */;
			buildPhases = (
				3E7F5EAB2BA87E0C0018BCEF /* Sources */,
				3E7F5EAC2BA87E0C0018BCEF /* Frameworks */,
				3E7F5EAD2BA87E0C0018BCEF /* Resources */,
			);
			buildRules = (
			);
			dependencies = (
			);
			name = uir;
			productName = uir;
			productReference = 3E7F5EAF2BA87E0C0018BCEF /* uir.app */;
			productType = "com.apple.product-type.application";
		};
/* End PBXNativeTarget section */

/* Begin PBXProject section */
		3E7F5EA72BA87E0C0018BCEF /* Project object */ = {
			isa = PBXProject;
			attributes = {
				BuildIndependentTargetsInParallel = 1;
				LastSwiftUpdateCheck = 1530;
				LastUpgradeCheck = 1530;
				TargetAttributes = {
					3E7F5EAE2BA87E0C0018BCEF = {
						CreatedOnToolsVersion = 15.3;
					};
				};
			};
			buildConfigurationList = 3E7F5EAA2BA87E0C0018BCEF /* Build configuration list for PBXProject "uir" */;
			compatibilityVersion = "Xcode 14.0";
			developmentRegion = en;
			hasScannedForEncodings = 0;
			knownRegions = (
				en,
				Base,
			);
			mainGroup = 3E7F5EA62BA87E0C0018BCEF;
			productRefGroup = 3E7F5EB02BA87E0C0018BCEF /* Products */;
			projectDirPath = "";
			projectRoot = "";
			targets = (
				3E7F5EAE2BA87E0C0018BCEF /* uir */,
			);
		};
/* End PBXProject section */

/* Begin PBXResourcesBuildPhase section */
		3E7F5EAD2BA87E0C0018BCEF /* Resources */ = {
			isa = PBXResourcesBuildPhase;
			buildActionMask = 2147483647;
			files = (
				3E7F5EBC2BA87E0E0018BCEF /* Assets.xcassets in Resources */,
				3E7F5EBF2BA87E0E0018BCEF /* Base in Resources */,
				3E7F5EBA2BA87E0C0018BCEF /* Base in Resources */,
			);
			runOnlyForDeploymentPostprocessing = 0;
		};
/* End PBXResourcesBuildPhase section */

/* Begin PBXSourcesBuildPhase section */
		3E7F5EAB2BA87E0C0018BCEF /* Sources */ = {
			isa = PBXSourcesBuildPhase;
			buildActionMask = 2147483647;
			files = (
				3E7F5ED32BAA24170018BCEF /* Extensions.swift in Sources */,
				3ED750502BD864D900430F7B /* LiqueurCell.swift in Sources */,
				3ED7504A2BD7F74000430F7B /* HintView.swift in Sources */,
				3E7F5ECD2BAA16120018BCEF /* ProfileViewController.swift in Sources */,
				3E7F5ECF2BAA16AF0018BCEF /* TaskViewController.swift in Sources */,
				3ED7504E2BD858E100430F7B /* LiqueurScaleViewController.swift in Sources */,
				3E97BFAB2BD5788800CF3A7F /* extensions.swift in Sources */,
				3E7F5ED12BAA17BD0018BCEF /* SplashScreenViewController.swift in Sources */,
				3E97BFA72BD54A7D00CF3A7F /* BlockUIView.swift in Sources */,
				3E7F5ED52BAA48F10018BCEF /* PreviousTestsLIst.swift in Sources */,
				3ED7504C2BD84ED200430F7B /* FillGapsViewController.swift in Sources */,
				3E7F5EC92BA8BAAC0018BCEF /* AuthViewController.swift in Sources */,
				3E7F5EB72BA87E0C0018BCEF /* ViewController.swift in Sources */,
				3E7F5ECB2BAA14C00018BCEF /* TabBarController.swift in Sources */,
				3E7F5EDA2BB1731C0018BCEF /* MarkOrCorrectTextViewController.swift in Sources */,
				3E7F5EB32BA87E0C0018BCEF /* AppDelegate.swift in Sources */,
				3E7F5EB52BA87E0C0018BCEF /* SceneDelegate.swift in Sources */,
				3ED750522BD885A500430F7B /* File.swift in Sources */,
				3E97BFA92BD54DD600CF3A7F /* HeaderView.swift in Sources */,
			);
			runOnlyForDeploymentPostprocessing = 0;
		};
/* End PBXSourcesBuildPhase section */

/* Begin PBXVariantGroup section */
		3E7F5EB82BA87E0C0018BCEF /* Main.storyboard */ = {
			isa = PBXVariantGroup;
			children = (
				3E7F5EB92BA87E0C0018BCEF /* Base */,
			);
			name = Main.storyboard;
			sourceTree = "<group>";
		};
		3E7F5EBD2BA87E0E0018BCEF /* LaunchScreen.storyboard */ = {
			isa = PBXVariantGroup;
			children = (
				3E7F5EBE2BA87E0E0018BCEF /* Base */,
			);
			name = LaunchScreen.storyboard;
			sourceTree = "<group>";
		};
/* End PBXVariantGroup section */

/* Begin XCBuildConfiguration section */
		3E7F5EC12BA87E0E0018BCEF /* Debug */ = {
			isa = XCBuildConfiguration;
			buildSettings = {
				ALWAYS_SEARCH_USER_PATHS = NO;
				ASSETCATALOG_COMPILER_GENERATE_SWIFT_ASSET_SYMBOL_EXTENSIONS = YES;
				CLANG_ANALYZER_NONNULL = YES;
				CLANG_ANALYZER_NUMBER_OBJECT_CONVERSION = YES_AGGRESSIVE;
				CLANG_CXX_LANGUAGE_STANDARD = "gnu++20";
				CLANG_ENABLE_MODULES = YES;
				CLANG_ENABLE_OBJC_ARC = YES;
				CLANG_ENABLE_OBJC_WEAK = YES;
				CLANG_WARN_BLOCK_CAPTURE_AUTORELEASING = YES;
				CLANG_WARN_BOOL_CONVERSION = YES;
				CLANG_WARN_COMMA = YES;
				CLANG_WARN_CONSTANT_CONVERSION = YES;
				CLANG_WARN_DEPRECATED_OBJC_IMPLEMENTATIONS = YES;
				CLANG_WARN_DIRECT_OBJC_ISA_USAGE = YES_ERROR;
				CLANG_WARN_DOCUMENTATION_COMMENTS = YES;
				CLANG_WARN_EMPTY_BODY = YES;
				CLANG_WARN_ENUM_CONVERSION = YES;
				CLANG_WARN_INFINITE_RECURSION = YES;
				CLANG_WARN_INT_CONVERSION = YES;
				CLANG_WARN_NON_LITERAL_NULL_CONVERSION = YES;
				CLANG_WARN_OBJC_IMPLICIT_RETAIN_SELF = YES;
				CLANG_WARN_OBJC_LITERAL_CONVERSION = YES;
				CLANG_WARN_OBJC_ROOT_CLASS = YES_ERROR;
				CLANG_WARN_QUOTED_INCLUDE_IN_FRAMEWORK_HEADER = YES;
				CLANG_WARN_RANGE_LOOP_ANALYSIS = YES;
				CLANG_WARN_STRICT_PROTOTYPES = YES;
				CLANG_WARN_SUSPICIOUS_MOVE = YES;
				CLANG_WARN_UNGUARDED_AVAILABILITY = YES_AGGRESSIVE;
				CLANG_WARN_UNREACHABLE_CODE = YES;
				CLANG_WARN__DUPLICATE_METHOD_MATCH = YES;
				COPY_PHASE_STRIP = NO;
				DEBUG_INFORMATION_FORMAT = dwarf;
				ENABLE_STRICT_OBJC_MSGSEND = YES;
				ENABLE_TESTABILITY = YES;
				ENABLE_USER_SCRIPT_SANDBOXING = YES;
				GCC_C_LANGUAGE_STANDARD = gnu17;
				GCC_DYNAMIC_NO_PIC = NO;
				GCC_NO_COMMON_BLOCKS = YES;
				GCC_OPTIMIZATION_LEVEL = 0;
				GCC_PREPROCESSOR_DEFINITIONS = (
					"DEBUG=1",
					"$(inherited)",
				);
				GCC_WARN_64_TO_32_BIT_CONVERSION = YES;
				GCC_WARN_ABOUT_RETURN_TYPE = YES_ERROR;
				GCC_WARN_UNDECLARED_SELECTOR = YES;
				GCC_WARN_UNINITIALIZED_AUTOS = YES_AGGRESSIVE;
				GCC_WARN_UNUSED_FUNCTION = YES;
				GCC_WARN_UNUSED_VARIABLE = YES;
				IPHONEOS_DEPLOYMENT_TARGET = 17.4;
				LOCALIZATION_PREFERS_STRING_CATALOGS = YES;
				MTL_ENABLE_DEBUG_INFO = INCLUDE_SOURCE;
				MTL_FAST_MATH = YES;
				ONLY_ACTIVE_ARCH = YES;
				SDKROOT = iphoneos;
				SWIFT_ACTIVE_COMPILATION_CONDITIONS = "DEBUG $(inherited)";
				SWIFT_OPTIMIZATION_LEVEL = "-Onone";
			};
			name = Debug;
		};
		3E7F5EC22BA87E0E0018BCEF /* Release */ = {
			isa = XCBuildConfiguration;
			buildSettings = {
				ALWAYS_SEARCH_USER_PATHS = NO;
				ASSETCATALOG_COMPILER_GENERATE_SWIFT_ASSET_SYMBOL_EXTENSIONS = YES;
				CLANG_ANALYZER_NONNULL = YES;
				CLANG_ANALYZER_NUMBER_OBJECT_CONVERSION = YES_AGGRESSIVE;
				CLANG_CXX_LANGUAGE_STANDARD = "gnu++20";
				CLANG_ENABLE_MODULES = YES;
				CLANG_ENABLE_OBJC_ARC = YES;
				CLANG_ENABLE_OBJC_WEAK = YES;
				CLANG_WARN_BLOCK_CAPTURE_AUTORELEASING = YES;
				CLANG_WARN_BOOL_CONVERSION = YES;
				CLANG_WARN_COMMA = YES;
				CLANG_WARN_CONSTANT_CONVERSION = YES;
				CLANG_WARN_DEPRECATED_OBJC_IMPLEMENTATIONS = YES;
				CLANG_WARN_DIRECT_OBJC_ISA_USAGE = YES_ERROR;
				CLANG_WARN_DOCUMENTATION_COMMENTS = YES;
				CLANG_WARN_EMPTY_BODY = YES;
				CLANG_WARN_ENUM_CONVERSION = YES;
				CLANG_WARN_INFINITE_RECURSION = YES;
				CLANG_WARN_INT_CONVERSION = YES;
				CLANG_WARN_NON_LITERAL_NULL_CONVERSION = YES;
				CLANG_WARN_OBJC_IMPLICIT_RETAIN_SELF = YES;
				CLANG_WARN_OBJC_LITERAL_CONVERSION = YES;
				CLANG_WARN_OBJC_ROOT_CLASS = YES_ERROR;
				CLANG_WARN_QUOTED_INCLUDE_IN_FRAMEWORK_HEADER = YES;
				CLANG_WARN_RANGE_LOOP_ANALYSIS = YES;
				CLANG_WARN_STRICT_PROTOTYPES = YES;
				CLANG_WARN_SUSPICIOUS_MOVE = YES;
				CLANG_WARN_UNGUARDED_AVAILABILITY = YES_AGGRESSIVE;
				CLANG_WARN_UNREACHABLE_CODE = YES;
				CLANG_WARN__DUPLICATE_METHOD_MATCH = YES;
				COPY_PHASE_STRIP = NO;
				DEBUG_INFORMATION_FORMAT = "dwarf-with-dsym";
				ENABLE_NS_ASSERTIONS = NO;
				ENABLE_STRICT_OBJC_MSGSEND = YES;
				ENABLE_USER_SCRIPT_SANDBOXING = YES;
				GCC_C_LANGUAGE_STANDARD = gnu17;
				GCC_NO_COMMON_BLOCKS = YES;
				GCC_WARN_64_TO_32_BIT_CONVERSION = YES;
				GCC_WARN_ABOUT_RETURN_TYPE = YES_ERROR;
				GCC_WARN_UNDECLARED_SELECTOR = YES;
				GCC_WARN_UNINITIALIZED_AUTOS = YES_AGGRESSIVE;
				GCC_WARN_UNUSED_FUNCTION = YES;
				GCC_WARN_UNUSED_VARIABLE = YES;
				IPHONEOS_DEPLOYMENT_TARGET = 17.4;
				LOCALIZATION_PREFERS_STRING_CATALOGS = YES;
				MTL_ENABLE_DEBUG_INFO = NO;
				MTL_FAST_MATH = YES;
				SDKROOT = iphoneos;
				SWIFT_COMPILATION_MODE = wholemodule;
				VALIDATE_PRODUCT = YES;
			};
			name = Release;
		};
		3E7F5EC42BA87E0E0018BCEF /* Debug */ = {
			isa = XCBuildConfiguration;
			buildSettings = {
				ASSETCATALOG_COMPILER_APPICON_NAME = AppIcon;
				ASSETCATALOG_COMPILER_GLOBAL_ACCENT_COLOR_NAME = AccentColor;
				CODE_SIGN_STYLE = Automatic;
				CURRENT_PROJECT_VERSION = 1;
				DEVELOPMENT_TEAM = G3H6JDK669;
				GENERATE_INFOPLIST_FILE = YES;
				INFOPLIST_FILE = uir/Info.plist;
				INFOPLIST_KEY_UIApplicationSupportsIndirectInputEvents = YES;
				INFOPLIST_KEY_UILaunchStoryboardName = LaunchScreen;
				INFOPLIST_KEY_UIMainStoryboardFile = Main;
				INFOPLIST_KEY_UISupportedInterfaceOrientations_iPad = "UIInterfaceOrientationPortrait UIInterfaceOrientationPortraitUpsideDown UIInterfaceOrientationLandscapeLeft UIInterfaceOrientationLandscapeRight";
				INFOPLIST_KEY_UISupportedInterfaceOrientations_iPhone = "UIInterfaceOrientationPortrait UIInterfaceOrientationLandscapeLeft UIInterfaceOrientationLandscapeRight";
				IPHONEOS_DEPLOYMENT_TARGET = 15;
				LD_RUNPATH_SEARCH_PATHS = (
					"$(inherited)",
					"@executable_path/Frameworks",
				);
				MARKETING_VERSION = 1.0;
				PRODUCT_BUNDLE_IDENTIFIER = folawer21.uir;
				PRODUCT_NAME = "$(TARGET_NAME)";
				SUPPORTED_PLATFORMS = "iphoneos iphonesimulator";
				SUPPORTS_MACCATALYST = NO;
				SUPPORTS_MAC_DESIGNED_FOR_IPHONE_IPAD = NO;
				SUPPORTS_XR_DESIGNED_FOR_IPHONE_IPAD = NO;
				SWIFT_EMIT_LOC_STRINGS = YES;
				SWIFT_VERSION = 5.0;
				TARGETED_DEVICE_FAMILY = 1;
			};
			name = Debug;
		};
		3E7F5EC52BA87E0E0018BCEF /* Release */ = {
			isa = XCBuildConfiguration;
			buildSettings = {
				ASSETCATALOG_COMPILER_APPICON_NAME = AppIcon;
				ASSETCATALOG_COMPILER_GLOBAL_ACCENT_COLOR_NAME = AccentColor;
				CODE_SIGN_STYLE = Automatic;
				CURRENT_PROJECT_VERSION = 1;
				DEVELOPMENT_TEAM = G3H6JDK669;
				GENERATE_INFOPLIST_FILE = YES;
				INFOPLIST_FILE = uir/Info.plist;
				INFOPLIST_KEY_UIApplicationSupportsIndirectInputEvents = YES;
				INFOPLIST_KEY_UILaunchStoryboardName = LaunchScreen;
				INFOPLIST_KEY_UIMainStoryboardFile = Main;
				INFOPLIST_KEY_UISupportedInterfaceOrientations_iPad = "UIInterfaceOrientationPortrait UIInterfaceOrientationPortraitUpsideDown UIInterfaceOrientationLandscapeLeft UIInterfaceOrientationLandscapeRight";
				INFOPLIST_KEY_UISupportedInterfaceOrientations_iPhone = "UIInterfaceOrientationPortrait UIInterfaceOrientationLandscapeLeft UIInterfaceOrientationLandscapeRight";
				IPHONEOS_DEPLOYMENT_TARGET = 15;
				LD_RUNPATH_SEARCH_PATHS = (
					"$(inherited)",
					"@executable_path/Frameworks",
				);
				MARKETING_VERSION = 1.0;
				PRODUCT_BUNDLE_IDENTIFIER = folawer21.uir;
				PRODUCT_NAME = "$(TARGET_NAME)";
				SUPPORTED_PLATFORMS = "iphoneos iphonesimulator";
				SUPPORTS_MACCATALYST = NO;
				SUPPORTS_MAC_DESIGNED_FOR_IPHONE_IPAD = NO;
				SUPPORTS_XR_DESIGNED_FOR_IPHONE_IPAD = NO;
				SWIFT_EMIT_LOC_STRINGS = YES;
				SWIFT_VERSION = 5.0;
				TARGETED_DEVICE_FAMILY = 1;
			};
			name = Release;
		};
/* End XCBuildConfiguration section */

/* Begin XCConfigurationList section */
		3E7F5EAA2BA87E0C0018BCEF /* Build configuration list for PBXProject "uir" */ = {
			isa = XCConfigurationList;
			buildConfigurations = (
				3E7F5EC12BA87E0E0018BCEF /* Debug */,
				3E7F5EC22BA87E0E0018BCEF /* Release */,
			);
			defaultConfigurationIsVisible = 0;
			defaultConfigurationName = Release;
		};
		3E7F5EC32BA87E0E0018BCEF /* Build configuration list for PBXNativeTarget "uir" */ = {
			isa = XCConfigurationList;
			buildConfigurations = (
				3E7F5EC42BA87E0E0018BCEF /* Debug */,
				3E7F5EC52BA87E0E0018BCEF /* Release */,
			);
			defaultConfigurationIsVisible = 0;
			defaultConfigurationName = Release;
		};
/* End XCConfigurationList section */
	};
	rootObject = 3E7F5EA72BA87E0C0018BCEF /* Project object */;
}
